
Microsoft Visual Studio Solution File, Format Version 12.00
# Visual Studio Version 16
VisualStudioVersion = 16.0.31005.135
MinimumVisualStudioVersion = 10.0.40219.1
Project("{FAE04EC0-301F-11D3-BF4B-00C04F79EFBC}") = "MailSender", "MailSender\MailSender.csproj", "{79AC25BC-AD2E-4B2E-83FA-5C7214A8D5B2}"
EndProject
Global
	GlobalSection(SolutionConfigurationPlatforms) = preSolution
		Debug|Any CPU = Debug|Any CPU
		Release|Any CPU = Release|Any CPU
	EndGlobalSection
	GlobalSection(ProjectConfigurationPlatforms) = postSolution
		{79AC25BC-AD2E-4B2E-83FA-5C7214A8D5B2}.Debug|Any CPU.ActiveCfg = Debug|Any CPU
		{79AC25BC-AD2E-4B2E-83FA-5C7214A8D5B2}.Debug|Any CPU.Build.0 = Debug|Any CPU
		{79AC25BC-AD2E-4B2E-83FA-5C7214A8D5B2}.Release|Any CPU.ActiveCfg = Release|Any CPU
		{79AC25BC-AD2E-4B2E-83FA-5C7214A8D5B2}.Release|Any CPU.Build.0 = Release|Any CPU
	EndGlobalSection
	GlobalSection(SolutionProperties) = preSolution
		HideSolutionNode = FALSE
	EndGlobalSection
	GlobalSection(ExtensibilityGlobals) = postSolution
		SolutionGuid = {BD749B6B-B3AB-4B4B-A879-59D2758B9156}
	EndGlobalSection
EndGlobal
