
Microsoft Visual Studio Solution File, Format Version 12.00
# Visual Studio Version 16
VisualStudioVersion = 16.0.31005.135
MinimumVisualStudioVersion = 10.0.40219.1
Project("{9A19103F-16F7-4668-BE54-9A1E7A4F7556}") = "MailSender", "MailSender\MailSender.csproj", "{79AC25BC-AD2E-4B2E-83FA-5C7214A8D5B2}"
EndProject
Project("{2150E333-8FDC-42A3-9474-1A3956D46DE8}") = "Tests", "Tests", "{751027F7-59C0-4402-8C84-CA9FA37EBBFA}"
EndProject
Project("{9A19103F-16F7-4668-BE54-9A1E7A4F7556}") = "ConsoleTests", "Tests\ConsoleTests\ConsoleTests.csproj", "{BCEB1595-8810-461B-9C22-8B7DB010AB30}"
EndProject
Global
	GlobalSection(SolutionConfigurationPlatforms) = preSolution
		Debug|Any CPU = Debug|Any CPU
		Release|Any CPU = Release|Any CPU
	EndGlobalSection
	GlobalSection(ProjectConfigurationPlatforms) = postSolution
		{79AC25BC-AD2E-4B2E-83FA-5C7214A8D5B2}.Debug|Any CPU.ActiveCfg = Debug|Any CPU
		{79AC25BC-AD2E-4B2E-83FA-5C7214A8D5B2}.Debug|Any CPU.Build.0 = Debug|Any CPU
		{79AC25BC-AD2E-4B2E-83FA-5C7214A8D5B2}.Release|Any CPU.ActiveCfg = Release|Any CPU
		{79AC25BC-AD2E-4B2E-83FA-5C7214A8D5B2}.Release|Any CPU.Build.0 = Release|Any CPU
		{BCEB1595-8810-461B-9C22-8B7DB010AB30}.Debug|Any CPU.ActiveCfg = Debug|Any CPU
		{BCEB1595-8810-461B-9C22-8B7DB010AB30}.Debug|Any CPU.Build.0 = Debug|Any CPU
		{BCEB1595-8810-461B-9C22-8B7DB010AB30}.Release|Any CPU.ActiveCfg = Release|Any CPU
		{BCEB1595-8810-461B-9C22-8B7DB010AB30}.Release|Any CPU.Build.0 = Release|Any CPU
	EndGlobalSection
	GlobalSection(SolutionProperties) = preSolution
		HideSolutionNode = FALSE
	EndGlobalSection
	GlobalSection(NestedProjects) = preSolution
		{BCEB1595-8810-461B-9C22-8B7DB010AB30} = {751027F7-59C0-4402-8C84-CA9FA37EBBFA}
	EndGlobalSection
	GlobalSection(ExtensibilityGlobals) = postSolution
		SolutionGuid = {BD749B6B-B3AB-4B4B-A879-59D2758B9156}
	EndGlobalSection
EndGlobal
